
Microsoft Visual Studio Solution File, Format Version 12.00
# Visual Studio Version 17
VisualStudioVersion = 17.6.33829.357
MinimumVisualStudioVersion = 10.0.40219.1
Project("{FAE04EC0-301F-11D3-BF4B-00C04F79EFBC}") = "PROYECTO_TICKET1", "PROYECTO_TICKET1\PROYECTO_TICKET1.csproj", "{5F85632F-91BC-4655-A4B2-3CAD66869361}"
EndProject
Global
	GlobalSection(SolutionConfigurationPlatforms) = preSolution
		Debug|Any CPU = Debug|Any CPU
		Release|Any CPU = Release|Any CPU
	EndGlobalSection
	GlobalSection(ProjectConfigurationPlatforms) = postSolution
		{5F85632F-91BC-4655-A4B2-3CAD66869361}.Debug|Any CPU.ActiveCfg = Debug|Any CPU
		{5F85632F-91BC-4655-A4B2-3CAD66869361}.Debug|Any CPU.Build.0 = Debug|Any CPU
		{5F85632F-91BC-4655-A4B2-3CAD66869361}.Release|Any CPU.ActiveCfg = Release|Any CPU
		{5F85632F-91BC-4655-A4B2-3CAD66869361}.Release|Any CPU.Build.0 = Release|Any CPU
	EndGlobalSection
	GlobalSection(SolutionProperties) = preSolution
		HideSolutionNode = FALSE
	EndGlobalSection
	GlobalSection(ExtensibilityGlobals) = postSolution
		SolutionGuid = {0D33195E-9A0A-4EF6-B3C3-F69031B5099E}
	EndGlobalSection
EndGlobal
